
Microsoft Visual Studio Solution File, Format Version 12.00
# Visual Studio Version 17
VisualStudioVersion = 17.7.34024.191
MinimumVisualStudioVersion = 10.0.40219.1
Project("{FAE04EC0-301F-11D3-BF4B-00C04F79EFBC}") = "Battleship", "Battleship.csproj", "{D95624CD-76D7-42C2-BE00-3D01929F6F5E}"
EndProject
Global
	GlobalSection(SolutionConfigurationPlatforms) = preSolution
		Debug|Any CPU = Debug|Any CPU
		Release|Any CPU = Release|Any CPU
	EndGlobalSection
	GlobalSection(ProjectConfigurationPlatforms) = postSolution
		{D95624CD-76D7-42C2-BE00-3D01929F6F5E}.Debug|Any CPU.ActiveCfg = Debug|Any CPU
		{D95624CD-76D7-42C2-BE00-3D01929F6F5E}.Debug|Any CPU.Build.0 = Debug|Any CPU
		{D95624CD-76D7-42C2-BE00-3D01929F6F5E}.Release|Any CPU.ActiveCfg = Release|Any CPU
		{D95624CD-76D7-42C2-BE00-3D01929F6F5E}.Release|Any CPU.Build.0 = Release|Any CPU
	EndGlobalSection
	GlobalSection(SolutionProperties) = preSolution
		HideSolutionNode = FALSE
	EndGlobalSection
	GlobalSection(ExtensibilityGlobals) = postSolution
		SolutionGuid = {A8B4C125-7BD7-4BEB-9A60-B49B8C3ADEEF}
	EndGlobalSection
EndGlobal
